// !$*UTF8*$!
{
	archiveVersion = 1;
	classes = {
	};
	objectVersion = 50;
	objects = {

/* Begin PBXBuildFile section */
		A34DDC70235B3AC200593C51 /* ProfileViewController.swift in Sources */ = {isa = PBXBuildFile; fileRef = A34DDC6E235B3AC200593C51 /* ProfileViewController.swift */; };
		A34DDC73235B3F9600593C51 /* User.swift in Sources */ = {isa = PBXBuildFile; fileRef = A34DDC72235B3F9600593C51 /* User.swift */; };
		A3F830EE2358B823005E3694 /* AppDelegate.swift in Sources */ = {isa = PBXBuildFile; fileRef = A3F830ED2358B823005E3694 /* AppDelegate.swift */; };
		A3F830F02358B823005E3694 /* SceneDelegate.swift in Sources */ = {isa = PBXBuildFile; fileRef = A3F830EF2358B823005E3694 /* SceneDelegate.swift */; };
		A3F830F22358B823005E3694 /* ViewController.swift in Sources */ = {isa = PBXBuildFile; fileRef = A3F830F12358B823005E3694 /* ViewController.swift */; };
		A3F830F52358B823005E3694 /* Main.storyboard in Resources */ = {isa = PBXBuildFile; fileRef = A3F830F32358B823005E3694 /* Main.storyboard */; };
		A3F830F72358B825005E3694 /* Assets.xcassets in Resources */ = {isa = PBXBuildFile; fileRef = A3F830F62358B825005E3694 /* Assets.xcassets */; };
		A3F830FA2358B825005E3694 /* LaunchScreen.storyboard in Resources */ = {isa = PBXBuildFile; fileRef = A3F830F82358B825005E3694 /* LaunchScreen.storyboard */; };
/* End PBXBuildFile section */

/* Begin PBXFileReference section */
		A34DDC6E235B3AC200593C51 /* ProfileViewController.swift */ = {isa = PBXFileReference; lastKnownFileType = sourcecode.swift; path = ProfileViewController.swift; sourceTree = "<group>"; };
		A34DDC72235B3F9600593C51 /* User.swift */ = {isa = PBXFileReference; lastKnownFileType = sourcecode.swift; path = User.swift; sourceTree = "<group>"; };
		A3F830EA2358B823005E3694 /* AutolayoutProgramaticly.app */ = {isa = PBXFileReference; explicitFileType = wrapper.application; includeInIndex = 0; path = AutolayoutProgramaticly.app; sourceTree = BUILT_PRODUCTS_DIR; };
		A3F830ED2358B823005E3694 /* AppDelegate.swift */ = {isa = PBXFileReference; lastKnownFileType = sourcecode.swift; path = AppDelegate.swift; sourceTree = "<group>"; };
		A3F830EF2358B823005E3694 /* SceneDelegate.swift */ = {isa = PBXFileReference; lastKnownFileType = sourcecode.swift; path = SceneDelegate.swift; sourceTree = "<group>"; };
		A3F830F12358B823005E3694 /* ViewController.swift */ = {isa = PBXFileReference; lastKnownFileType = sourcecode.swift; path = ViewController.swift; sourceTree = "<group>"; };
		A3F830F42358B823005E3694 /* Base */ = {isa = PBXFileReference; lastKnownFileType = file.storyboard; name = Base; path = Base.lproj/Main.storyboard; sourceTree = "<group>"; };
		A3F830F62358B825005E3694 /* Assets.xcassets */ = {isa = PBXFileReference; lastKnownFileType = folder.assetcatalog; path = Assets.xcassets; sourceTree = "<group>"; };
		A3F830F92358B825005E3694 /* Base */ = {isa = PBXFileReference; lastKnownFileType = file.storyboard; name = Base; path = Base.lproj/LaunchScreen.storyboard; sourceTree = "<group>"; };
		A3F830FB2358B825005E3694 /* Info.plist */ = {isa = PBXFileReference; lastKnownFileType = text.plist.xml; path = Info.plist; sourceTree = "<group>"; };
/* End PBXFileReference section */

/* Begin PBXFrameworksBuildPhase section */
		A3F830E72358B823005E3694 /* Frameworks */ = {
			isa = PBXFrameworksBuildPhase;
			buildActionMask = 2147483647;
			files = (
			);
			runOnlyForDeploymentPostprocessing = 0;
		};
/* End PBXFrameworksBuildPhase section */

/* Begin PBXGroup section */
		A3F830E12358B823005E3694 = {
			isa = PBXGroup;
			children = (
				A3F830EC2358B823005E3694 /* AutolayoutProgramaticly */,
				A3F830EB2358B823005E3694 /* Products */,
			);
			sourceTree = "<group>";
		};
		A3F830EB2358B823005E3694 /* Products */ = {
			isa = PBXGroup;
			children = (
				A3F830EA2358B823005E3694 /* AutolayoutProgramaticly.app */,
			);
			name = Products;
			sourceTree = "<group>";
		};
		A3F830EC2358B823005E3694 /* AutolayoutProgramaticly */ = {
			isa = PBXGroup;
			children = (
				A3F830ED2358B823005E3694 /* AppDelegate.swift */,
				A3F830EF2358B823005E3694 /* SceneDelegate.swift */,
				A3F830F12358B823005E3694 /* ViewController.swift */,
				A3F830F32358B823005E3694 /* Main.storyboard */,
				A34DDC6E235B3AC200593C51 /* ProfileViewController.swift */,
				A34DDC72235B3F9600593C51 /* User.swift */,
				A3F830F62358B825005E3694 /* Assets.xcassets */,
				A3F830F82358B825005E3694 /* LaunchScreen.storyboard */,
				A3F830FB2358B825005E3694 /* Info.plist */,
			);
			path = AutolayoutProgramaticly;
			sourceTree = "<group>";
		};
/* End PBXGroup section */

/* Begin PBXNativeTarget section */
		A3F830E92358B823005E3694 /* AutolayoutProgramaticly */ = {
			isa = PBXNativeTarget;
			buildConfigurationList = A3F830FE2358B825005E3694 /* Build configuration list for PBXNativeTarget "AutolayoutProgramaticly" */;
			buildPhases = (
				A3F830E62358B823005E3694 /* Sources */,
				A3F830E72358B823005E3694 /* Frameworks */,
				A3F830E82358B823005E3694 /* Resources */,
			);
			buildRules = (
			);
			dependencies = (
			);
			name = AutolayoutProgramaticly;
			productName = AutolayoutProgramaticly;
			productReference = A3F830EA2358B823005E3694 /* AutolayoutProgramaticly.app */;
			productType = "com.apple.product-type.application";
		};
/* End PBXNativeTarget section */

/* Begin PBXProject section */
		A3F830E22358B823005E3694 /* Project object */ = {
			isa = PBXProject;
			attributes = {
				LastSwiftUpdateCheck = 1110;
				LastUpgradeCheck = 1110;
				ORGANIZATIONNAME = Taron;
				TargetAttributes = {
					A3F830E92358B823005E3694 = {
						CreatedOnToolsVersion = 11.1;
					};
				};
			};
			buildConfigurationList = A3F830E52358B823005E3694 /* Build configuration list for PBXProject "AutolayoutProgramaticly" */;
			compatibilityVersion = "Xcode 9.3";
			developmentRegion = en;
			hasScannedForEncodings = 0;
			knownRegions = (
				en,
				Base,
			);
			mainGroup = A3F830E12358B823005E3694;
			productRefGroup = A3F830EB2358B823005E3694 /* Products */;
			projectDirPath = "";
			projectRoot = "";
			targets = (
				A3F830E92358B823005E3694 /* AutolayoutProgramaticly */,
			);
		};
/* End PBXProject section */

/* Begin PBXResourcesBuildPhase section */
		A3F830E82358B823005E3694 /* Resources */ = {
			isa = PBXResourcesBuildPhase;
			buildActionMask = 2147483647;
			files = (
				A3F830FA2358B825005E3694 /* LaunchScreen.storyboard in Resources */,
				A3F830F72358B825005E3694 /* Assets.xcassets in Resources */,
				A3F830F52358B823005E3694 /* Main.storyboard in Resources */,
			);
			runOnlyForDeploymentPostprocessing = 0;
		};
/* End PBXResourcesBuildPhase section */

/* Begin PBXSourcesBuildPhase section */
		A3F830E62358B823005E3694 /* Sources */ = {
			isa = PBXSourcesBuildPhase;
			buildActionMask = 2147483647;
			files = (
				A3F830F22358B823005E3694 /* ViewController.swift in Sources */,
				A3F830EE2358B823005E3694 /* AppDelegate.swift in Sources */,
				A34DDC70235B3AC200593C51 /* ProfileViewController.swift in Sources */,
				A34DDC73235B3F9600593C51 /* User.swift in Sources */,
				A3F830F02358B823005E3694 /* SceneDelegate.swift in Sources */,
			);
			runOnlyForDeploymentPostprocessing = 0;
		};
/* End PBXSourcesBuildPhase section */

/* Begin PBXVariantGroup section */
		A3F830F32358B823005E3694 /* Main.storyboard */ = {
			isa = PBXVariantGroup;
			children = (
				A3F830F42358B823005E3694 /* Base */,
			);
			name = Main.storyboard;
			sourceTree = "<group>";
		};
		A3F830F82358B825005E3694 /* LaunchScreen.storyboard */ = {
			isa = PBXVariantGroup;
			children = (
				A3F830F92358B825005E3694 /* Base */,
			);
			name = LaunchScreen.storyboard;
			sourceTree = "<group>";
		};
/* End PBXVariantGroup section */

/* Begin XCBuildConfiguration section */
		A3F830FC2358B825005E3694 /* Debug */ = {
			isa = XCBuildConfiguration;
			buildSettings = {
				ALWAYS_SEARCH_USER_PATHS = NO;
				CLANG_ANALYZER_NONNULL = YES;
				CLANG_ANALYZER_NUMBER_OBJECT_CONVERSION = YES_AGGRESSIVE;
				CLANG_CXX_LANGUAGE_STANDARD = "gnu++14";
				CLANG_CXX_LIBRARY = "libc++";
				CLANG_ENABLE_MODULES = YES;
				CLANG_ENABLE_OBJC_ARC = YES;
				CLANG_ENABLE_OBJC_WEAK = YES;
				CLANG_WARN_BLOCK_CAPTURE_AUTORELEASING = YES;
				CLANG_WARN_BOOL_CONVERSION = YES;
				CLANG_WARN_COMMA = YES;
				CLANG_WARN_CONSTANT_CONVERSION = YES;
				CLANG_WARN_DEPRECATED_OBJC_IMPLEMENTATIONS = YES;
				CLANG_WARN_DIRECT_OBJC_ISA_USAGE = YES_ERROR;
				CLANG_WARN_DOCUMENTATION_COMMENTS = YES;
				CLANG_WARN_EMPTY_BODY = YES;
				CLANG_WARN_ENUM_CONVERSION = YES;
				CLANG_WARN_INFINITE_RECURSION = YES;
				CLANG_WARN_INT_CONVERSION = YES;
				CLANG_WARN_NON_LITERAL_NULL_CONVERSION = YES;
				CLANG_WARN_OBJC_IMPLICIT_RETAIN_SELF = YES;
				CLANG_WARN_OBJC_LITERAL_CONVERSION = YES;
				CLANG_WARN_OBJC_ROOT_CLASS = YES_ERROR;
				CLANG_WARN_RANGE_LOOP_ANALYSIS = YES;
				CLANG_WARN_STRICT_PROTOTYPES = YES;
				CLANG_WARN_SUSPICIOUS_MOVE = YES;
				CLANG_WARN_UNGUARDED_AVAILABILITY = YES_AGGRESSIVE;
				CLANG_WARN_UNREACHABLE_CODE = YES;
				CLANG_WARN__DUPLICATE_METHOD_MATCH = YES;
				COPY_PHASE_STRIP = NO;
				DEBUG_INFORMATION_FORMAT = dwarf;
				ENABLE_STRICT_OBJC_MSGSEND = YES;
				ENABLE_TESTABILITY = YES;
				GCC_C_LANGUAGE_STANDARD = gnu11;
				GCC_DYNAMIC_NO_PIC = NO;
				GCC_NO_COMMON_BLOCKS = YES;
				GCC_OPTIMIZATION_LEVEL = 0;
				GCC_PREPROCESSOR_DEFINITIONS = (
					"DEBUG=1",
					"$(inherited)",
				);
				GCC_WARN_64_TO_32_BIT_CONVERSION = YES;
				GCC_WARN_ABOUT_RETURN_TYPE = YES_ERROR;
				GCC_WARN_UNDECLARED_SELECTOR = YES;
				GCC_WARN_UNINITIALIZED_AUTOS = YES_AGGRESSIVE;
				GCC_WARN_UNUSED_FUNCTION = YES;
				GCC_WARN_UNUSED_VARIABLE = YES;
				IPHONEOS_DEPLOYMENT_TARGET = 13.1;
				MTL_ENABLE_DEBUG_INFO = INCLUDE_SOURCE;
				MTL_FAST_MATH = YES;
				ONLY_ACTIVE_ARCH = YES;
				SDKROOT = iphoneos;
				SWIFT_ACTIVE_COMPILATION_CONDITIONS = DEBUG;
				SWIFT_OPTIMIZATION_LEVEL = "-Onone";
			};
			name = Debug;
		};
		A3F830FD2358B825005E3694 /* Release */ = {
			isa = XCBuildConfiguration;
			buildSettings = {
				ALWAYS_SEARCH_USER_PATHS = NO;
				CLANG_ANALYZER_NONNULL = YES;
				CLANG_ANALYZER_NUMBER_OBJECT_CONVERSION = YES_AGGRESSIVE;
				CLANG_CXX_LANGUAGE_STANDARD = "gnu++14";
				CLANG_CXX_LIBRARY = "libc++";
				CLANG_ENABLE_MODULES = YES;
				CLANG_ENABLE_OBJC_ARC = YES;
				CLANG_ENABLE_OBJC_WEAK = YES;
				CLANG_WARN_BLOCK_CAPTURE_AUTORELEASING = YES;
				CLANG_WARN_BOOL_CONVERSION = YES;
				CLANG_WARN_COMMA = YES;
				CLANG_WARN_CONSTANT_CONVERSION = YES;
				CLANG_WARN_DEPRECATED_OBJC_IMPLEMENTATIONS = YES;
				CLANG_WARN_DIRECT_OBJC_ISA_USAGE = YES_ERROR;
				CLANG_WARN_DOCUMENTATION_COMMENTS = YES;
				CLANG_WARN_EMPTY_BODY = YES;
				CLANG_WARN_ENUM_CONVERSION = YES;
				CLANG_WARN_INFINITE_RECURSION = YES;
				CLANG_WARN_INT_CONVERSION = YES;
				CLANG_WARN_NON_LITERAL_NULL_CONVERSION = YES;
				CLANG_WARN_OBJC_IMPLICIT_RETAIN_SELF = YES;
				CLANG_WARN_OBJC_LITERAL_CONVERSION = YES;
				CLANG_WARN_OBJC_ROOT_CLASS = YES_ERROR;
				CLANG_WARN_RANGE_LOOP_ANALYSIS = YES;
				CLANG_WARN_STRICT_PROTOTYPES = YES;
				CLANG_WARN_SUSPICIOUS_MOVE = YES;
				CLANG_WARN_UNGUARDED_AVAILABILITY = YES_AGGRESSIVE;
				CLANG_WARN_UNREACHABLE_CODE = YES;
				CLANG_WARN__DUPLICATE_METHOD_MATCH = YES;
				COPY_PHASE_STRIP = NO;
				DEBUG_INFORMATION_FORMAT = "dwarf-with-dsym";
				ENABLE_NS_ASSERTIONS = NO;
				ENABLE_STRICT_OBJC_MSGSEND = YES;
				GCC_C_LANGUAGE_STANDARD = gnu11;
				GCC_NO_COMMON_BLOCKS = YES;
				GCC_WARN_64_TO_32_BIT_CONVERSION = YES;
				GCC_WARN_ABOUT_RETURN_TYPE = YES_ERROR;
				GCC_WARN_UNDECLARED_SELECTOR = YES;
				GCC_WARN_UNINITIALIZED_AUTOS = YES_AGGRESSIVE;
				GCC_WARN_UNUSED_FUNCTION = YES;
				GCC_WARN_UNUSED_VARIABLE = YES;
				IPHONEOS_DEPLOYMENT_TARGET = 13.1;
				MTL_ENABLE_DEBUG_INFO = NO;
				MTL_FAST_MATH = YES;
				SDKROOT = iphoneos;
				SWIFT_COMPILATION_MODE = wholemodule;
				SWIFT_OPTIMIZATION_LEVEL = "-O";
				VALIDATE_PRODUCT = YES;
			};
			name = Release;
		};
		A3F830FF2358B825005E3694 /* Debug */ = {
			isa = XCBuildConfiguration;
			buildSettings = {
				ASSETCATALOG_COMPILER_APPICON_NAME = AppIcon;
				CODE_SIGN_STYLE = Automatic;
				DEVELOPMENT_TEAM = 8MUYKJ6V6M;
				INFOPLIST_FILE = AutolayoutProgramaticly/Info.plist;
				LD_RUNPATH_SEARCH_PATHS = (
					"$(inherited)",
					"@executable_path/Frameworks",
				);
				PRODUCT_BUNDLE_IDENTIFIER = by.taron.AutolayoutProgramaticly;
				PRODUCT_NAME = "$(TARGET_NAME)";
				SWIFT_VERSION = 5.0;
				TARGETED_DEVICE_FAMILY = "1,2";
			};
			name = Debug;
		};
		A3F831002358B825005E3694 /* Release */ = {
			isa = XCBuildConfiguration;
			buildSettings = {
				ASSETCATALOG_COMPILER_APPICON_NAME = AppIcon;
				CODE_SIGN_STYLE = Automatic;
				DEVELOPMENT_TEAM = 8MUYKJ6V6M;
				INFOPLIST_FILE = AutolayoutProgramaticly/Info.plist;
				LD_RUNPATH_SEARCH_PATHS = (
					"$(inherited)",
					"@executable_path/Frameworks",
				);
				PRODUCT_BUNDLE_IDENTIFIER = by.taron.AutolayoutProgramaticly;
				PRODUCT_NAME = "$(TARGET_NAME)";
				SWIFT_VERSION = 5.0;
				TARGETED_DEVICE_FAMILY = "1,2";
			};
			name = Release;
		};
/* End XCBuildConfiguration section */

/* Begin XCConfigurationList section */
		A3F830E52358B823005E3694 /* Build configuration list for PBXProject "AutolayoutProgramaticly" */ = {
			isa = XCConfigurationList;
			buildConfigurations = (
				A3F830FC2358B825005E3694 /* Debug */,
				A3F830FD2358B825005E3694 /* Release */,
			);
			defaultConfigurationIsVisible = 0;
			defaultConfigurationName = Release;
		};
		A3F830FE2358B825005E3694 /* Build configuration list for PBXNativeTarget "AutolayoutProgramaticly" */ = {
			isa = XCConfigurationList;
			buildConfigurations = (
				A3F830FF2358B825005E3694 /* Debug */,
				A3F831002358B825005E3694 /* Release */,
			);
			defaultConfigurationIsVisible = 0;
			defaultConfigurationName = Release;
		};
/* End XCConfigurationList section */
	};
	rootObject = A3F830E22358B823005E3694 /* Project object */;
}
